// !$*UTF8*$!
{
	archiveVersion = 1;
	classes = {
	};
	objectVersion = 50;
	objects = {

/* Begin PBXBuildFile section */
		4C5F792A26BFDD0100129F4F /* pianoSound.mp3 in Resources */ = {isa = PBXBuildFile; fileRef = 4C5F792926BFDD0100129F4F /* pianoSound.mp3 */; };
		4C5F793126BFDE6200129F4F /* AVFAudio.framework in Frameworks */ = {isa = PBXBuildFile; fileRef = 4C5F792C26BFDDFD00129F4F /* AVFAudio.framework */; settings = {ATTRIBUTES = (Required, ); }; };
		4C68BB3826BE786D00A54C6D /* suaraWakan.mp3 in Resources */ = {isa = PBXBuildFile; fileRef = 4C68BB3626BE786D00A54C6D /* suaraWakan.mp3 */; };
		4CBCBF7026B2D6EF008AE9E4 /* Test1.mp3 in Resources */ = {isa = PBXBuildFile; fileRef = 4CBCBF6F26B2D6EF008AE9E4 /* Test1.mp3 */; };
		F1DF072726B0672300836BA9 /* AppDelegate.swift in Sources */ = {isa = PBXBuildFile; fileRef = F1DF072626B0672300836BA9 /* AppDelegate.swift */; };
		F1DF072926B0672300836BA9 /* SceneDelegate.swift in Sources */ = {isa = PBXBuildFile; fileRef = F1DF072826B0672300836BA9 /* SceneDelegate.swift */; };
		F1DF072B26B0672300836BA9 /* ViewController.swift in Sources */ = {isa = PBXBuildFile; fileRef = F1DF072A26B0672300836BA9 /* ViewController.swift */; };
		F1DF072E26B0672300836BA9 /* Main.storyboard in Resources */ = {isa = PBXBuildFile; fileRef = F1DF072C26B0672300836BA9 /* Main.storyboard */; };
		F1DF073126B0672300836BA9 /* MuzyNew.xcdatamodeld in Sources */ = {isa = PBXBuildFile; fileRef = F1DF072F26B0672300836BA9 /* MuzyNew.xcdatamodeld */; };
		F1DF073326B0672400836BA9 /* Assets.xcassets in Resources */ = {isa = PBXBuildFile; fileRef = F1DF073226B0672400836BA9 /* Assets.xcassets */; };
		F1DF073626B0672400836BA9 /* LaunchScreen.storyboard in Resources */ = {isa = PBXBuildFile; fileRef = F1DF073426B0672400836BA9 /* LaunchScreen.storyboard */; };
		F1DF074126B074A100836BA9 /* RecordingListScreen.storyboard in Resources */ = {isa = PBXBuildFile; fileRef = F1DF074026B074A100836BA9 /* RecordingListScreen.storyboard */; };
		F1DF074326B074B700836BA9 /* AudioViewer.storyboard in Resources */ = {isa = PBXBuildFile; fileRef = F1DF074226B074B700836BA9 /* AudioViewer.storyboard */; };
		F1DF074526B074DE00836BA9 /* RecordingListScreenViewController.swift in Sources */ = {isa = PBXBuildFile; fileRef = F1DF074426B074DE00836BA9 /* RecordingListScreenViewController.swift */; };
		F1DF074726B0750600836BA9 /* AudioViewerViewController.swift in Sources */ = {isa = PBXBuildFile; fileRef = F1DF074626B0750600836BA9 /* AudioViewerViewController.swift */; };
		F34CDFAA26B829BB008B056A /* ifTappedButton.swift in Sources */ = {isa = PBXBuildFile; fileRef = F34CDFA826B829BB008B056A /* ifTappedButton.swift */; };
		F34CDFAB26B829BB008B056A /* ifTappedButton.xib in Resources */ = {isa = PBXBuildFile; fileRef = F34CDFA926B829BB008B056A /* ifTappedButton.xib */; };
		F34CDFAE26B82A4F008B056A /* defaultRecordingListScreen.swift in Sources */ = {isa = PBXBuildFile; fileRef = F34CDFAC26B82A4F008B056A /* defaultRecordingListScreen.swift */; };
		F34CDFAF26B82A4F008B056A /* defaultRecordingListScreen.xib in Resources */ = {isa = PBXBuildFile; fileRef = F34CDFAD26B82A4F008B056A /* defaultRecordingListScreen.xib */; };
		F3BECB8326BD10C6009A30B2 /* NewYorkExtraLarge-Bold.otf in Resources */ = {isa = PBXBuildFile; fileRef = F3BECB7E26BD1010009A30B2 /* NewYorkExtraLarge-Bold.otf */; };
/* End PBXBuildFile section */

/* Begin PBXFileReference section */
		4C5F792926BFDD0100129F4F /* pianoSound.mp3 */ = {isa = PBXFileReference; lastKnownFileType = audio.mp3; path = pianoSound.mp3; sourceTree = "<group>"; };
		4C5F792C26BFDDFD00129F4F /* AVFAudio.framework */ = {isa = PBXFileReference; lastKnownFileType = wrapper.framework; name = AVFAudio.framework; path = System/Library/Frameworks/AVFAudio.framework; sourceTree = SDKROOT; };
		4C68BB3626BE786D00A54C6D /* suaraWakan.mp3 */ = {isa = PBXFileReference; lastKnownFileType = audio.mp3; path = suaraWakan.mp3; sourceTree = "<group>"; };
		4CBCBF6F26B2D6EF008AE9E4 /* Test1.mp3 */ = {isa = PBXFileReference; lastKnownFileType = audio.mp3; path = Test1.mp3; sourceTree = "<group>"; };
		F1DF072326B0672300836BA9 /* MuzyNew.app */ = {isa = PBXFileReference; explicitFileType = wrapper.application; includeInIndex = 0; path = MuzyNew.app; sourceTree = BUILT_PRODUCTS_DIR; };
		F1DF072626B0672300836BA9 /* AppDelegate.swift */ = {isa = PBXFileReference; lastKnownFileType = sourcecode.swift; path = AppDelegate.swift; sourceTree = "<group>"; };
		F1DF072826B0672300836BA9 /* SceneDelegate.swift */ = {isa = PBXFileReference; lastKnownFileType = sourcecode.swift; path = SceneDelegate.swift; sourceTree = "<group>"; };
		F1DF072A26B0672300836BA9 /* ViewController.swift */ = {isa = PBXFileReference; lastKnownFileType = sourcecode.swift; path = ViewController.swift; sourceTree = "<group>"; };
		F1DF072D26B0672300836BA9 /* Base */ = {isa = PBXFileReference; lastKnownFileType = file.storyboard; name = Base; path = Base.lproj/Main.storyboard; sourceTree = "<group>"; };
		F1DF073026B0672300836BA9 /* MuzyNew.xcdatamodel */ = {isa = PBXFileReference; lastKnownFileType = wrapper.xcdatamodel; path = MuzyNew.xcdatamodel; sourceTree = "<group>"; };
		F1DF073226B0672400836BA9 /* Assets.xcassets */ = {isa = PBXFileReference; lastKnownFileType = folder.assetcatalog; path = Assets.xcassets; sourceTree = "<group>"; };
		F1DF073526B0672400836BA9 /* Base */ = {isa = PBXFileReference; lastKnownFileType = file.storyboard; name = Base; path = Base.lproj/LaunchScreen.storyboard; sourceTree = "<group>"; };
		F1DF073726B0672400836BA9 /* Info.plist */ = {isa = PBXFileReference; lastKnownFileType = text.plist.xml; path = Info.plist; sourceTree = "<group>"; };
		F1DF074026B074A100836BA9 /* RecordingListScreen.storyboard */ = {isa = PBXFileReference; lastKnownFileType = file.storyboard; path = RecordingListScreen.storyboard; sourceTree = "<group>"; };
		F1DF074226B074B700836BA9 /* AudioViewer.storyboard */ = {isa = PBXFileReference; lastKnownFileType = file.storyboard; path = AudioViewer.storyboard; sourceTree = "<group>"; };
		F1DF074426B074DE00836BA9 /* RecordingListScreenViewController.swift */ = {isa = PBXFileReference; lastKnownFileType = sourcecode.swift; path = RecordingListScreenViewController.swift; sourceTree = "<group>"; };
		F1DF074626B0750600836BA9 /* AudioViewerViewController.swift */ = {isa = PBXFileReference; lastKnownFileType = sourcecode.swift; path = AudioViewerViewController.swift; sourceTree = "<group>"; };
		F34CDFA826B829BB008B056A /* ifTappedButton.swift */ = {isa = PBXFileReference; lastKnownFileType = sourcecode.swift; path = ifTappedButton.swift; sourceTree = "<group>"; };
		F34CDFA926B829BB008B056A /* ifTappedButton.xib */ = {isa = PBXFileReference; lastKnownFileType = file.xib; path = ifTappedButton.xib; sourceTree = "<group>"; };
		F34CDFAC26B82A4F008B056A /* defaultRecordingListScreen.swift */ = {isa = PBXFileReference; lastKnownFileType = sourcecode.swift; path = defaultRecordingListScreen.swift; sourceTree = "<group>"; };
		F34CDFAD26B82A4F008B056A /* defaultRecordingListScreen.xib */ = {isa = PBXFileReference; lastKnownFileType = file.xib; path = defaultRecordingListScreen.xib; sourceTree = "<group>"; };
		F3BECB7726BD100F009A30B2 /* NewYorkExtraLarge-MediumItalic.otf */ = {isa = PBXFileReference; lastKnownFileType = file; path = "NewYorkExtraLarge-MediumItalic.otf"; sourceTree = "<group>"; };
		F3BECB7826BD100F009A30B2 /* NewYorkExtraLarge-RegularItalic.otf */ = {isa = PBXFileReference; lastKnownFileType = file; path = "NewYorkExtraLarge-RegularItalic.otf"; sourceTree = "<group>"; };
		F3BECB7926BD100F009A30B2 /* NewYorkExtraLarge-Semibold.otf */ = {isa = PBXFileReference; lastKnownFileType = file; path = "NewYorkExtraLarge-Semibold.otf"; sourceTree = "<group>"; };
		F3BECB7A26BD100F009A30B2 /* NewYorkExtraLarge-SemiboldItalic.otf */ = {isa = PBXFileReference; lastKnownFileType = file; path = "NewYorkExtraLarge-SemiboldItalic.otf"; sourceTree = "<group>"; };
		F3BECB7B26BD1010009A30B2 /* NewYorkExtraLarge-Heavy.otf */ = {isa = PBXFileReference; lastKnownFileType = file; path = "NewYorkExtraLarge-Heavy.otf"; sourceTree = "<group>"; };
		F3BECB7C26BD1010009A30B2 /* NewYorkExtraLarge-BoldItalic.otf */ = {isa = PBXFileReference; lastKnownFileType = file; path = "NewYorkExtraLarge-BoldItalic.otf"; sourceTree = "<group>"; };
		F3BECB7D26BD1010009A30B2 /* NewYorkExtraLarge-Medium.otf */ = {isa = PBXFileReference; lastKnownFileType = file; path = "NewYorkExtraLarge-Medium.otf"; sourceTree = "<group>"; };
		F3BECB7E26BD1010009A30B2 /* NewYorkExtraLarge-Bold.otf */ = {isa = PBXFileReference; lastKnownFileType = file; path = "NewYorkExtraLarge-Bold.otf"; sourceTree = "<group>"; };
		F3BECB7F26BD1010009A30B2 /* NewYorkExtraLarge-Regular.otf */ = {isa = PBXFileReference; lastKnownFileType = file; path = "NewYorkExtraLarge-Regular.otf"; sourceTree = "<group>"; };
		F3BECB8026BD1010009A30B2 /* NewYorkExtraLarge-BlackItalic.otf */ = {isa = PBXFileReference; lastKnownFileType = file; path = "NewYorkExtraLarge-BlackItalic.otf"; sourceTree = "<group>"; };
		F3BECB8126BD1010009A30B2 /* NewYorkExtraLarge-HeavyItalic.otf */ = {isa = PBXFileReference; lastKnownFileType = file; path = "NewYorkExtraLarge-HeavyItalic.otf"; sourceTree = "<group>"; };
		F3BECB8226BD1010009A30B2 /* NewYorkExtraLarge-Black.otf */ = {isa = PBXFileReference; lastKnownFileType = file; path = "NewYorkExtraLarge-Black.otf"; sourceTree = "<group>"; };
		F3FACA2626BD9806009CD792 /* SF-Pro-Display-Light.otf */ = {isa = PBXFileReference; lastKnownFileType = file; name = "SF-Pro-Display-Light.otf"; path = "../../../../../../../Library/Fonts/SF-Pro-Display-Light.otf"; sourceTree = "<group>"; };
		F3FACA2726BD9806009CD792 /* SF-Pro-Display-Medium.otf */ = {isa = PBXFileReference; lastKnownFileType = file; name = "SF-Pro-Display-Medium.otf"; path = "../../../../../../../Library/Fonts/SF-Pro-Display-Medium.otf"; sourceTree = "<group>"; };
		F3FACA2826BD9806009CD792 /* SF-Pro-Display-Bold.otf */ = {isa = PBXFileReference; lastKnownFileType = file; name = "SF-Pro-Display-Bold.otf"; path = "../../../../../../../Library/Fonts/SF-Pro-Display-Bold.otf"; sourceTree = "<group>"; };
		F3FACA2926BD9806009CD792 /* SF-Pro-Display-Thin.otf */ = {isa = PBXFileReference; lastKnownFileType = file; name = "SF-Pro-Display-Thin.otf"; path = "../../../../../../../Library/Fonts/SF-Pro-Display-Thin.otf"; sourceTree = "<group>"; };
		F3FACA2A26BD9806009CD792 /* SF-Pro-Display-BoldItalic.otf */ = {isa = PBXFileReference; lastKnownFileType = file; name = "SF-Pro-Display-BoldItalic.otf"; path = "../../../../../../../Library/Fonts/SF-Pro-Display-BoldItalic.otf"; sourceTree = "<group>"; };
		F3FACA2B26BD9806009CD792 /* SF-Pro-Display-HeavyItalic.otf */ = {isa = PBXFileReference; lastKnownFileType = file; name = "SF-Pro-Display-HeavyItalic.otf"; path = "../../../../../../../Library/Fonts/SF-Pro-Display-HeavyItalic.otf"; sourceTree = "<group>"; };
		F3FACA2C26BD9806009CD792 /* SF-Pro-Display-LightItalic.otf */ = {isa = PBXFileReference; lastKnownFileType = file; name = "SF-Pro-Display-LightItalic.otf"; path = "../../../../../../../Library/Fonts/SF-Pro-Display-LightItalic.otf"; sourceTree = "<group>"; };
		F3FACA2D26BD9806009CD792 /* SF-Pro-Display-Heavy.otf */ = {isa = PBXFileReference; lastKnownFileType = file; name = "SF-Pro-Display-Heavy.otf"; path = "../../../../../../../Library/Fonts/SF-Pro-Display-Heavy.otf"; sourceTree = "<group>"; };
		F3FACA2E26BD9806009CD792 /* SF-Pro-Display-Semibold.otf */ = {isa = PBXFileReference; lastKnownFileType = file; name = "SF-Pro-Display-Semibold.otf"; path = "../../../../../../../Library/Fonts/SF-Pro-Display-Semibold.otf"; sourceTree = "<group>"; };
		F3FACA2F26BD9806009CD792 /* SF-Pro-Display-Regular.otf */ = {isa = PBXFileReference; lastKnownFileType = file; name = "SF-Pro-Display-Regular.otf"; path = "../../../../../../../Library/Fonts/SF-Pro-Display-Regular.otf"; sourceTree = "<group>"; };
		F3FACA3026BD9806009CD792 /* SF-Pro-Display-ThinItalic.otf */ = {isa = PBXFileReference; lastKnownFileType = file; name = "SF-Pro-Display-ThinItalic.otf"; path = "../../../../../../../Library/Fonts/SF-Pro-Display-ThinItalic.otf"; sourceTree = "<group>"; };
		F3FACA3126BD9806009CD792 /* SF-Pro-Display-RegularItalic.otf */ = {isa = PBXFileReference; lastKnownFileType = file; name = "SF-Pro-Display-RegularItalic.otf"; path = "../../../../../../../Library/Fonts/SF-Pro-Display-RegularItalic.otf"; sourceTree = "<group>"; };
		F3FACA3226BD9806009CD792 /* SF-Pro-Display-SemiboldItalic.otf */ = {isa = PBXFileReference; lastKnownFileType = file; name = "SF-Pro-Display-SemiboldItalic.otf"; path = "../../../../../../../Library/Fonts/SF-Pro-Display-SemiboldItalic.otf"; sourceTree = "<group>"; };
		F3FACA3326BD9806009CD792 /* SF-Pro-Display-Ultralight.otf */ = {isa = PBXFileReference; lastKnownFileType = file; name = "SF-Pro-Display-Ultralight.otf"; path = "../../../../../../../Library/Fonts/SF-Pro-Display-Ultralight.otf"; sourceTree = "<group>"; };
		F3FACA3426BD9806009CD792 /* SF-Pro-Display-UltralightItalic.otf */ = {isa = PBXFileReference; lastKnownFileType = file; name = "SF-Pro-Display-UltralightItalic.otf"; path = "../../../../../../../Library/Fonts/SF-Pro-Display-UltralightItalic.otf"; sourceTree = "<group>"; };
		F3FACA3526BD9806009CD792 /* SF-Pro-Display-MediumItalic.otf */ = {isa = PBXFileReference; lastKnownFileType = file; name = "SF-Pro-Display-MediumItalic.otf"; path = "../../../../../../../Library/Fonts/SF-Pro-Display-MediumItalic.otf"; sourceTree = "<group>"; };
		F3FACA3626BD9806009CD792 /* SF-Pro-Display-Black.otf */ = {isa = PBXFileReference; lastKnownFileType = file; name = "SF-Pro-Display-Black.otf"; path = "../../../../../../../Library/Fonts/SF-Pro-Display-Black.otf"; sourceTree = "<group>"; };
		F3FACA3726BD9806009CD792 /* SF-Pro-Display-BlackItalic.otf */ = {isa = PBXFileReference; lastKnownFileType = file; name = "SF-Pro-Display-BlackItalic.otf"; path = "../../../../../../../Library/Fonts/SF-Pro-Display-BlackItalic.otf"; sourceTree = "<group>"; };
/* End PBXFileReference section */

/* Begin PBXFrameworksBuildPhase section */
		F1DF072026B0672300836BA9 /* Frameworks */ = {
			isa = PBXFrameworksBuildPhase;
			buildActionMask = 2147483647;
			files = (
				4C5F793126BFDE6200129F4F /* AVFAudio.framework in Frameworks */,
			);
			runOnlyForDeploymentPostprocessing = 0;
		};
/* End PBXFrameworksBuildPhase section */

/* Begin PBXGroup section */
		4C5F792B26BFDDFD00129F4F /* Frameworks */ = {
			isa = PBXGroup;
			children = (
				4C5F792C26BFDDFD00129F4F /* AVFAudio.framework */,
			);
			name = Frameworks;
			sourceTree = "<group>";
		};
		F1DF071A26B0672300836BA9 = {
			isa = PBXGroup;
			children = (
				F1DF072526B0672300836BA9 /* MuzyNew */,
				F1DF072426B0672300836BA9 /* Products */,
				4C5F792B26BFDDFD00129F4F /* Frameworks */,
			);
			sourceTree = "<group>";
		};
		F1DF072426B0672300836BA9 /* Products */ = {
			isa = PBXGroup;
			children = (
				F1DF072326B0672300836BA9 /* MuzyNew.app */,
			);
			name = Products;
			sourceTree = "<group>";
		};
		F1DF072526B0672300836BA9 /* MuzyNew */ = {
			isa = PBXGroup;
			children = (
				4C5F792926BFDD0100129F4F /* pianoSound.mp3 */,
				4CBCBF6F26B2D6EF008AE9E4 /* Test1.mp3 */,
				4C68BB3626BE786D00A54C6D /* suaraWakan.mp3 */,
				F3BECB7626BD1006009A30B2 /* Resources */,
				F1DF073E26B0674400836BA9 /* View */,
				F1DF073D26B0673000836BA9 /* Controller */,
				F32473EA26B7E100002D71D3 /* Cell */,
				F1DF073F26B0676200836BA9 /* Others */,
			);
			path = MuzyNew;
			sourceTree = "<group>";
		};
		F1DF073D26B0673000836BA9 /* Controller */ = {
			isa = PBXGroup;
			children = (
				F1DF072A26B0672300836BA9 /* ViewController.swift */,
				F1DF072826B0672300836BA9 /* SceneDelegate.swift */,
				F1DF072626B0672300836BA9 /* AppDelegate.swift */,
				F1DF074426B074DE00836BA9 /* RecordingListScreenViewController.swift */,
				F1DF074626B0750600836BA9 /* AudioViewerViewController.swift */,
			);
			path = Controller;
			sourceTree = "<group>";
		};
		F1DF073E26B0674400836BA9 /* View */ = {
			isa = PBXGroup;
			children = (
				F1DF072C26B0672300836BA9 /* Main.storyboard */,
				F1DF073426B0672400836BA9 /* LaunchScreen.storyboard */,
				F1DF074026B074A100836BA9 /* RecordingListScreen.storyboard */,
				F1DF074226B074B700836BA9 /* AudioViewer.storyboard */,
			);
			path = View;
			sourceTree = "<group>";
		};
		F1DF073F26B0676200836BA9 /* Others */ = {
			isa = PBXGroup;
			children = (
				F1DF072F26B0672300836BA9 /* MuzyNew.xcdatamodeld */,
				F1DF073726B0672400836BA9 /* Info.plist */,
				F1DF073226B0672400836BA9 /* Assets.xcassets */,
			);
			path = Others;
			sourceTree = "<group>";
		};
		F32473EA26B7E100002D71D3 /* Cell */ = {
			isa = PBXGroup;
			children = (
				F34CDFA826B829BB008B056A /* ifTappedButton.swift */,
				F34CDFA926B829BB008B056A /* ifTappedButton.xib */,
				F34CDFAC26B82A4F008B056A /* defaultRecordingListScreen.swift */,
				F34CDFAD26B82A4F008B056A /* defaultRecordingListScreen.xib */,
			);
			path = Cell;
			sourceTree = "<group>";
		};
		F3BECB7626BD1006009A30B2 /* Resources */ = {
			isa = PBXGroup;
			children = (
				F3BECB8226BD1010009A30B2 /* NewYorkExtraLarge-Black.otf */,
				F3BECB8026BD1010009A30B2 /* NewYorkExtraLarge-BlackItalic.otf */,
				F3BECB7E26BD1010009A30B2 /* NewYorkExtraLarge-Bold.otf */,
				F3BECB7C26BD1010009A30B2 /* NewYorkExtraLarge-BoldItalic.otf */,
				F3BECB7B26BD1010009A30B2 /* NewYorkExtraLarge-Heavy.otf */,
				F3BECB8126BD1010009A30B2 /* NewYorkExtraLarge-HeavyItalic.otf */,
				F3BECB7D26BD1010009A30B2 /* NewYorkExtraLarge-Medium.otf */,
				F3BECB7726BD100F009A30B2 /* NewYorkExtraLarge-MediumItalic.otf */,
				F3BECB7F26BD1010009A30B2 /* NewYorkExtraLarge-Regular.otf */,
				F3BECB7826BD100F009A30B2 /* NewYorkExtraLarge-RegularItalic.otf */,
				F3BECB7926BD100F009A30B2 /* NewYorkExtraLarge-Semibold.otf */,
				F3BECB7A26BD100F009A30B2 /* NewYorkExtraLarge-SemiboldItalic.otf */,
				F3FACA3626BD9806009CD792 /* SF-Pro-Display-Black.otf */,
				F3FACA3726BD9806009CD792 /* SF-Pro-Display-BlackItalic.otf */,
				F3FACA2826BD9806009CD792 /* SF-Pro-Display-Bold.otf */,
				F3FACA2A26BD9806009CD792 /* SF-Pro-Display-BoldItalic.otf */,
				F3FACA2D26BD9806009CD792 /* SF-Pro-Display-Heavy.otf */,
				F3FACA2B26BD9806009CD792 /* SF-Pro-Display-HeavyItalic.otf */,
				F3FACA2626BD9806009CD792 /* SF-Pro-Display-Light.otf */,
				F3FACA2C26BD9806009CD792 /* SF-Pro-Display-LightItalic.otf */,
				F3FACA2726BD9806009CD792 /* SF-Pro-Display-Medium.otf */,
				F3FACA3526BD9806009CD792 /* SF-Pro-Display-MediumItalic.otf */,
				F3FACA2F26BD9806009CD792 /* SF-Pro-Display-Regular.otf */,
				F3FACA3126BD9806009CD792 /* SF-Pro-Display-RegularItalic.otf */,
				F3FACA2E26BD9806009CD792 /* SF-Pro-Display-Semibold.otf */,
				F3FACA3226BD9806009CD792 /* SF-Pro-Display-SemiboldItalic.otf */,
				F3FACA2926BD9806009CD792 /* SF-Pro-Display-Thin.otf */,
				F3FACA3026BD9806009CD792 /* SF-Pro-Display-ThinItalic.otf */,
				F3FACA3326BD9806009CD792 /* SF-Pro-Display-Ultralight.otf */,
				F3FACA3426BD9806009CD792 /* SF-Pro-Display-UltralightItalic.otf */,
			);
			path = Resources;
			sourceTree = "<group>";
		};
/* End PBXGroup section */

/* Begin PBXNativeTarget section */
		F1DF072226B0672300836BA9 /* MuzyNew */ = {
			isa = PBXNativeTarget;
			buildConfigurationList = F1DF073A26B0672400836BA9 /* Build configuration list for PBXNativeTarget "MuzyNew" */;
			buildPhases = (
				F1DF071F26B0672300836BA9 /* Sources */,
				F1DF072026B0672300836BA9 /* Frameworks */,
				F1DF072126B0672300836BA9 /* Resources */,
			);
			buildRules = (
			);
			dependencies = (
			);
			name = MuzyNew;
			productName = MuzyNew;
			productReference = F1DF072326B0672300836BA9 /* MuzyNew.app */;
			productType = "com.apple.product-type.application";
		};
/* End PBXNativeTarget section */

/* Begin PBXProject section */
		F1DF071B26B0672300836BA9 /* Project object */ = {
			isa = PBXProject;
			attributes = {
				LastSwiftUpdateCheck = 1250;
				LastUpgradeCheck = 1250;
				TargetAttributes = {
					F1DF072226B0672300836BA9 = {
						CreatedOnToolsVersion = 12.5.1;
					};
				};
			};
			buildConfigurationList = F1DF071E26B0672300836BA9 /* Build configuration list for PBXProject "MuzyNew" */;
			compatibilityVersion = "Xcode 9.3";
			developmentRegion = en;
			hasScannedForEncodings = 0;
			knownRegions = (
				en,
				Base,
			);
			mainGroup = F1DF071A26B0672300836BA9;
			productRefGroup = F1DF072426B0672300836BA9 /* Products */;
			projectDirPath = "";
			projectRoot = "";
			targets = (
				F1DF072226B0672300836BA9 /* MuzyNew */,
			);
		};
/* End PBXProject section */

/* Begin PBXResourcesBuildPhase section */
		F1DF072126B0672300836BA9 /* Resources */ = {
			isa = PBXResourcesBuildPhase;
			buildActionMask = 2147483647;
			files = (
				4CBCBF7026B2D6EF008AE9E4 /* Test1.mp3 in Resources */,
				F34CDFAB26B829BB008B056A /* ifTappedButton.xib in Resources */,
				4C68BB3826BE786D00A54C6D /* suaraWakan.mp3 in Resources */,
				F1DF073626B0672400836BA9 /* LaunchScreen.storyboard in Resources */,
				F1DF073326B0672400836BA9 /* Assets.xcassets in Resources */,
				F1DF074126B074A100836BA9 /* RecordingListScreen.storyboard in Resources */,
				F34CDFAF26B82A4F008B056A /* defaultRecordingListScreen.xib in Resources */,
				4C5F792A26BFDD0100129F4F /* pianoSound.mp3 in Resources */,
				F1DF072E26B0672300836BA9 /* Main.storyboard in Resources */,
				F3BECB8326BD10C6009A30B2 /* NewYorkExtraLarge-Bold.otf in Resources */,
				F1DF074326B074B700836BA9 /* AudioViewer.storyboard in Resources */,
			);
			runOnlyForDeploymentPostprocessing = 0;
		};
/* End PBXResourcesBuildPhase section */

/* Begin PBXSourcesBuildPhase section */
		F1DF071F26B0672300836BA9 /* Sources */ = {
			isa = PBXSourcesBuildPhase;
			buildActionMask = 2147483647;
			files = (
				F34CDFAA26B829BB008B056A /* ifTappedButton.swift in Sources */,
				F1DF072B26B0672300836BA9 /* ViewController.swift in Sources */,
				F34CDFAE26B82A4F008B056A /* defaultRecordingListScreen.swift in Sources */,
				F1DF074526B074DE00836BA9 /* RecordingListScreenViewController.swift in Sources */,
				F1DF072726B0672300836BA9 /* AppDelegate.swift in Sources */,
				F1DF072926B0672300836BA9 /* SceneDelegate.swift in Sources */,
				F1DF073126B0672300836BA9 /* MuzyNew.xcdatamodeld in Sources */,
				F1DF074726B0750600836BA9 /* AudioViewerViewController.swift in Sources */,
			);
			runOnlyForDeploymentPostprocessing = 0;
		};
/* End PBXSourcesBuildPhase section */

/* Begin PBXVariantGroup section */
		F1DF072C26B0672300836BA9 /* Main.storyboard */ = {
			isa = PBXVariantGroup;
			children = (
				F1DF072D26B0672300836BA9 /* Base */,
			);
			name = Main.storyboard;
			sourceTree = "<group>";
		};
		F1DF073426B0672400836BA9 /* LaunchScreen.storyboard */ = {
			isa = PBXVariantGroup;
			children = (
				F1DF073526B0672400836BA9 /* Base */,
			);
			name = LaunchScreen.storyboard;
			sourceTree = "<group>";
		};
/* End PBXVariantGroup section */

/* Begin XCBuildConfiguration section */
		F1DF073826B0672400836BA9 /* Debug */ = {
			isa = XCBuildConfiguration;
			buildSettings = {
				ALWAYS_SEARCH_USER_PATHS = NO;
				CLANG_ANALYZER_NONNULL = YES;
				CLANG_ANALYZER_NUMBER_OBJECT_CONVERSION = YES_AGGRESSIVE;
				CLANG_CXX_LANGUAGE_STANDARD = "gnu++14";
				CLANG_CXX_LIBRARY = "libc++";
				CLANG_ENABLE_MODULES = YES;
				CLANG_ENABLE_OBJC_ARC = YES;
				CLANG_ENABLE_OBJC_WEAK = YES;
				CLANG_WARN_BLOCK_CAPTURE_AUTORELEASING = YES;
				CLANG_WARN_BOOL_CONVERSION = YES;
				CLANG_WARN_COMMA = YES;
				CLANG_WARN_CONSTANT_CONVERSION = YES;
				CLANG_WARN_DEPRECATED_OBJC_IMPLEMENTATIONS = YES;
				CLANG_WARN_DIRECT_OBJC_ISA_USAGE = YES_ERROR;
				CLANG_WARN_DOCUMENTATION_COMMENTS = YES;
				CLANG_WARN_EMPTY_BODY = YES;
				CLANG_WARN_ENUM_CONVERSION = YES;
				CLANG_WARN_INFINITE_RECURSION = YES;
				CLANG_WARN_INT_CONVERSION = YES;
				CLANG_WARN_NON_LITERAL_NULL_CONVERSION = YES;
				CLANG_WARN_OBJC_IMPLICIT_RETAIN_SELF = YES;
				CLANG_WARN_OBJC_LITERAL_CONVERSION = YES;
				CLANG_WARN_OBJC_ROOT_CLASS = YES_ERROR;
				CLANG_WARN_QUOTED_INCLUDE_IN_FRAMEWORK_HEADER = YES;
				CLANG_WARN_RANGE_LOOP_ANALYSIS = YES;
				CLANG_WARN_STRICT_PROTOTYPES = YES;
				CLANG_WARN_SUSPICIOUS_MOVE = YES;
				CLANG_WARN_UNGUARDED_AVAILABILITY = YES_AGGRESSIVE;
				CLANG_WARN_UNREACHABLE_CODE = YES;
				CLANG_WARN__DUPLICATE_METHOD_MATCH = YES;
				COPY_PHASE_STRIP = NO;
				DEBUG_INFORMATION_FORMAT = dwarf;
				ENABLE_STRICT_OBJC_MSGSEND = YES;
				ENABLE_TESTABILITY = YES;
				GCC_C_LANGUAGE_STANDARD = gnu11;
				GCC_DYNAMIC_NO_PIC = NO;
				GCC_NO_COMMON_BLOCKS = YES;
				GCC_OPTIMIZATION_LEVEL = 0;
				GCC_PREPROCESSOR_DEFINITIONS = (
					"DEBUG=1",
					"$(inherited)",
				);
				GCC_WARN_64_TO_32_BIT_CONVERSION = YES;
				GCC_WARN_ABOUT_RETURN_TYPE = YES_ERROR;
				GCC_WARN_UNDECLARED_SELECTOR = YES;
				GCC_WARN_UNINITIALIZED_AUTOS = YES_AGGRESSIVE;
				GCC_WARN_UNUSED_FUNCTION = YES;
				GCC_WARN_UNUSED_VARIABLE = YES;
				IPHONEOS_DEPLOYMENT_TARGET = 14.5;
				MTL_ENABLE_DEBUG_INFO = INCLUDE_SOURCE;
				MTL_FAST_MATH = YES;
				ONLY_ACTIVE_ARCH = YES;
				SDKROOT = iphoneos;
				SWIFT_ACTIVE_COMPILATION_CONDITIONS = DEBUG;
				SWIFT_OPTIMIZATION_LEVEL = "-Onone";
			};
			name = Debug;
		};
		F1DF073926B0672400836BA9 /* Release */ = {
			isa = XCBuildConfiguration;
			buildSettings = {
				ALWAYS_SEARCH_USER_PATHS = NO;
				CLANG_ANALYZER_NONNULL = YES;
				CLANG_ANALYZER_NUMBER_OBJECT_CONVERSION = YES_AGGRESSIVE;
				CLANG_CXX_LANGUAGE_STANDARD = "gnu++14";
				CLANG_CXX_LIBRARY = "libc++";
				CLANG_ENABLE_MODULES = YES;
				CLANG_ENABLE_OBJC_ARC = YES;
				CLANG_ENABLE_OBJC_WEAK = YES;
				CLANG_WARN_BLOCK_CAPTURE_AUTORELEASING = YES;
				CLANG_WARN_BOOL_CONVERSION = YES;
				CLANG_WARN_COMMA = YES;
				CLANG_WARN_CONSTANT_CONVERSION = YES;
				CLANG_WARN_DEPRECATED_OBJC_IMPLEMENTATIONS = YES;
				CLANG_WARN_DIRECT_OBJC_ISA_USAGE = YES_ERROR;
				CLANG_WARN_DOCUMENTATION_COMMENTS = YES;
				CLANG_WARN_EMPTY_BODY = YES;
				CLANG_WARN_ENUM_CONVERSION = YES;
				CLANG_WARN_INFINITE_RECURSION = YES;
				CLANG_WARN_INT_CONVERSION = YES;
				CLANG_WARN_NON_LITERAL_NULL_CONVERSION = YES;
				CLANG_WARN_OBJC_IMPLICIT_RETAIN_SELF = YES;
				CLANG_WARN_OBJC_LITERAL_CONVERSION = YES;
				CLANG_WARN_OBJC_ROOT_CLASS = YES_ERROR;
				CLANG_WARN_QUOTED_INCLUDE_IN_FRAMEWORK_HEADER = YES;
				CLANG_WARN_RANGE_LOOP_ANALYSIS = YES;
				CLANG_WARN_STRICT_PROTOTYPES = YES;
				CLANG_WARN_SUSPICIOUS_MOVE = YES;
				CLANG_WARN_UNGUARDED_AVAILABILITY = YES_AGGRESSIVE;
				CLANG_WARN_UNREACHABLE_CODE = YES;
				CLANG_WARN__DUPLICATE_METHOD_MATCH = YES;
				COPY_PHASE_STRIP = NO;
				DEBUG_INFORMATION_FORMAT = "dwarf-with-dsym";
				ENABLE_NS_ASSERTIONS = NO;
				ENABLE_STRICT_OBJC_MSGSEND = YES;
				GCC_C_LANGUAGE_STANDARD = gnu11;
				GCC_NO_COMMON_BLOCKS = YES;
				GCC_WARN_64_TO_32_BIT_CONVERSION = YES;
				GCC_WARN_ABOUT_RETURN_TYPE = YES_ERROR;
				GCC_WARN_UNDECLARED_SELECTOR = YES;
				GCC_WARN_UNINITIALIZED_AUTOS = YES_AGGRESSIVE;
				GCC_WARN_UNUSED_FUNCTION = YES;
				GCC_WARN_UNUSED_VARIABLE = YES;
				IPHONEOS_DEPLOYMENT_TARGET = 14.5;
				MTL_ENABLE_DEBUG_INFO = NO;
				MTL_FAST_MATH = YES;
				SDKROOT = iphoneos;
				SWIFT_COMPILATION_MODE = wholemodule;
				SWIFT_OPTIMIZATION_LEVEL = "-O";
				VALIDATE_PRODUCT = YES;
			};
			name = Release;
		};
		F1DF073B26B0672400836BA9 /* Debug */ = {
			isa = XCBuildConfiguration;
			buildSettings = {
				ASSETCATALOG_COMPILER_APPICON_NAME = AppIcon;
				ASSETCATALOG_COMPILER_GLOBAL_ACCENT_COLOR_NAME = AccentColor;
				CODE_SIGN_STYLE = Automatic;
				DEVELOPMENT_TEAM = 6W562GH9DQ;
				INFOPLIST_FILE = "$(SRCROOT)/MuzyNew/Others/Info.plist";
				LD_RUNPATH_SEARCH_PATHS = (
					"$(inherited)",
					"@executable_path/Frameworks",
				);
				PRODUCT_BUNDLE_IDENTIFIER = parkJK.MuzyNew;
				PRODUCT_NAME = "$(TARGET_NAME)";
				SWIFT_VERSION = 5.0;
				TARGETED_DEVICE_FAMILY = 1;
			};
			name = Debug;
		};
		F1DF073C26B0672400836BA9 /* Release */ = {
			isa = XCBuildConfiguration;
			buildSettings = {
				ASSETCATALOG_COMPILER_APPICON_NAME = AppIcon;
				ASSETCATALOG_COMPILER_GLOBAL_ACCENT_COLOR_NAME = AccentColor;
				CODE_SIGN_STYLE = Automatic;
				DEVELOPMENT_TEAM = 6W562GH9DQ;
				INFOPLIST_FILE = "$(SRCROOT)/MuzyNew/Others/Info.plist";
				LD_RUNPATH_SEARCH_PATHS = (
					"$(inherited)",
					"@executable_path/Frameworks",
				);
				PRODUCT_BUNDLE_IDENTIFIER = parkJK.MuzyNew;
				PRODUCT_NAME = "$(TARGET_NAME)";
				SWIFT_VERSION = 5.0;
				TARGETED_DEVICE_FAMILY = 1;
			};
			name = Release;
		};
/* End XCBuildConfiguration section */

/* Begin XCConfigurationList section */
		F1DF071E26B0672300836BA9 /* Build configuration list for PBXProject "MuzyNew" */ = {
			isa = XCConfigurationList;
			buildConfigurations = (
				F1DF073826B0672400836BA9 /* Debug */,
				F1DF073926B0672400836BA9 /* Release */,
			);
			defaultConfigurationIsVisible = 0;
			defaultConfigurationName = Release;
		};
		F1DF073A26B0672400836BA9 /* Build configuration list for PBXNativeTarget "MuzyNew" */ = {
			isa = XCConfigurationList;
			buildConfigurations = (
				F1DF073B26B0672400836BA9 /* Debug */,
				F1DF073C26B0672400836BA9 /* Release */,
			);
			defaultConfigurationIsVisible = 0;
			defaultConfigurationName = Release;
		};
/* End XCConfigurationList section */

/* Begin XCVersionGroup section */
		F1DF072F26B0672300836BA9 /* MuzyNew.xcdatamodeld */ = {
			isa = XCVersionGroup;
			children = (
				F1DF073026B0672300836BA9 /* MuzyNew.xcdatamodel */,
			);
			currentVersion = F1DF073026B0672300836BA9 /* MuzyNew.xcdatamodel */;
			path = MuzyNew.xcdatamodeld;
			sourceTree = "<group>";
			versionGroupType = wrapper.xcdatamodel;
		};
/* End XCVersionGroup section */
	};
	rootObject = F1DF071B26B0672300836BA9 /* Project object */;
}
